
Microsoft Visual Studio Solution File, Format Version 12.00
# Visual Studio 15
VisualStudioVersion = 15.0.27130.2036
MinimumVisualStudioVersion = 10.0.40219.1
Project("{2150E333-8FDC-42A3-9474-1A3956D46DE8}") = "deps", "deps", "{11B78243-91C3-4357-9FDD-4EAFBF4EE52B}"
EndProject
Project("{8BC9CEB8-8B4A-11D0-8D11-00A0C91BC942}") = "ImGui", "deps\ImGui.vcxproj", "{9A62233B-0B70-4B48-91E8-35AA666BC32E}"
	ProjectSection(ProjectDependencies) = postProject
		{723BDEF8-4A39-4961-BDAB-54074012FF47} = {723BDEF8-4A39-4961-BDAB-54074012FF47}
	EndProjectSection
EndProject
Project("{8BC9CEB8-8B4A-11D0-8D11-00A0C91BC942}") = "MinHook", "deps\MinHook.vcxproj", "{783FEDFB-5124-4F8C-87BC-70AA8490266B}"
EndProject
Project("{8BC9CEB8-8B4A-11D0-8D11-00A0C91BC942}") = "stb", "deps\stb.vcxproj", "{723BDEF8-4A39-4961-BDAB-54074012FF47}"
EndProject
Project("{8BC9CEB8-8B4A-11D0-8D11-00A0C91BC942}") = "ReShade", "ReShade.vcxproj", "{0401ADF5-D085-4A3D-95B2-D9B7896BB338}"
	ProjectSection(ProjectDependencies) = postProject
		{9A62233B-0B70-4B48-91E8-35AA666BC32E} = {9A62233B-0B70-4B48-91E8-35AA666BC32E}
		{D1C2099B-BEC7-4993-8947-01D4A1F7EAE2} = {D1C2099B-BEC7-4993-8947-01D4A1F7EAE2}
		{723BDEF8-4A39-4961-BDAB-54074012FF47} = {723BDEF8-4A39-4961-BDAB-54074012FF47}
		{783FEDFB-5124-4F8C-87BC-70AA8490266B} = {783FEDFB-5124-4F8C-87BC-70AA8490266B}
	EndProjectSection
EndProject
Project("{8BC9CEB8-8B4A-11D0-8D11-00A0C91BC942}") = "ReShade FX", "ReShadeFX.vcxproj", "{D1C2099B-BEC7-4993-8947-01D4A1F7EAE2}"
EndProject
Project("{FAE04EC0-301F-11D3-BF4B-00C04F79EFBC}") = "ReShade Setup", "setup\ReShade Setup.csproj", "{3B7009FA-0B09-4F27-8126-0885E66A5679}"
EndProject
Project("{FAE04EC0-301F-11D3-BF4B-00C04F79EFBC}") = "JWEM SkinBuilder", "JWEM Injector\JWEM SkinBuilder.csproj", "{21DE0454-AE17-48B6-A673-4E22F017B096}"
EndProject
Global
	GlobalSection(SolutionConfigurationPlatforms) = preSolution
		64|32-bit = 64|32-bit
		64|64-bit = 64|64-bit
		64|Any CPU = 64|Any CPU
		64|x64 = 64|x64
		Debug App|32-bit = Debug App|32-bit
		Debug App|64-bit = Debug App|64-bit
		Debug App|Any CPU = Debug App|Any CPU
		Debug App|x64 = Debug App|x64
		Debug Setup|32-bit = Debug Setup|32-bit
		Debug Setup|64-bit = Debug Setup|64-bit
		Debug Setup|Any CPU = Debug Setup|Any CPU
		Debug Setup|x64 = Debug Setup|x64
		Debug|32-bit = Debug|32-bit
		Debug|64-bit = Debug|64-bit
		Debug|Any CPU = Debug|Any CPU
		Debug|x64 = Debug|x64
		Release Setup|32-bit = Release Setup|32-bit
		Release Setup|64-bit = Release Setup|64-bit
		Release Setup|Any CPU = Release Setup|Any CPU
		Release Setup|x64 = Release Setup|x64
		Release|32-bit = Release|32-bit
		Release|64-bit = Release|64-bit
		Release|Any CPU = Release|Any CPU
		Release|x64 = Release|x64
	EndGlobalSection
	GlobalSection(ProjectConfigurationPlatforms) = postSolution
		{9A62233B-0B70-4B48-91E8-35AA666BC32E}.64|32-bit.ActiveCfg = Release|x64
		{9A62233B-0B70-4B48-91E8-35AA666BC32E}.64|32-bit.Build.0 = Release|x64
		{9A62233B-0B70-4B48-91E8-35AA666BC32E}.64|64-bit.ActiveCfg = Release|x64
		{9A62233B-0B70-4B48-91E8-35AA666BC32E}.64|64-bit.Build.0 = Release|x64
		{9A62233B-0B70-4B48-91E8-35AA666BC32E}.64|Any CPU.ActiveCfg = Release|x64
		{9A62233B-0B70-4B48-91E8-35AA666BC32E}.64|Any CPU.Build.0 = Release|x64
		{9A62233B-0B70-4B48-91E8-35AA666BC32E}.64|x64.ActiveCfg = Release|x64
		{9A62233B-0B70-4B48-91E8-35AA666BC32E}.64|x64.Build.0 = Release|x64
		{9A62233B-0B70-4B48-91E8-35AA666BC32E}.Debug App|32-bit.ActiveCfg = Debug|Win32
		{9A62233B-0B70-4B48-91E8-35AA666BC32E}.Debug App|32-bit.Build.0 = Debug|Win32
		{9A62233B-0B70-4B48-91E8-35AA666BC32E}.Debug App|64-bit.ActiveCfg = Debug|x64
		{9A62233B-0B70-4B48-91E8-35AA666BC32E}.Debug App|64-bit.Build.0 = Debug|x64
		{9A62233B-0B70-4B48-91E8-35AA666BC32E}.Debug App|Any CPU.ActiveCfg = Release|x64
		{9A62233B-0B70-4B48-91E8-35AA666BC32E}.Debug App|Any CPU.Build.0 = Release|x64
		{9A62233B-0B70-4B48-91E8-35AA666BC32E}.Debug App|x64.ActiveCfg = Debug|x64
		{9A62233B-0B70-4B48-91E8-35AA666BC32E}.Debug App|x64.Build.0 = Debug|x64
		{9A62233B-0B70-4B48-91E8-35AA666BC32E}.Debug Setup|32-bit.ActiveCfg = Debug|Win32
		{9A62233B-0B70-4B48-91E8-35AA666BC32E}.Debug Setup|64-bit.ActiveCfg = Debug|x64
		{9A62233B-0B70-4B48-91E8-35AA666BC32E}.Debug Setup|Any CPU.ActiveCfg = Release|x64
		{9A62233B-0B70-4B48-91E8-35AA666BC32E}.Debug Setup|Any CPU.Build.0 = Release|x64
		{9A62233B-0B70-4B48-91E8-35AA666BC32E}.Debug Setup|x64.ActiveCfg = Debug|x64
		{9A62233B-0B70-4B48-91E8-35AA666BC32E}.Debug Setup|x64.Build.0 = Debug|x64
		{9A62233B-0B70-4B48-91E8-35AA666BC32E}.Debug|32-bit.ActiveCfg = Debug|Win32
		{9A62233B-0B70-4B48-91E8-35AA666BC32E}.Debug|32-bit.Build.0 = Debug|Win32
		{9A62233B-0B70-4B48-91E8-35AA666BC32E}.Debug|64-bit.ActiveCfg = Debug|x64
		{9A62233B-0B70-4B48-91E8-35AA666BC32E}.Debug|64-bit.Build.0 = Debug|x64
		{9A62233B-0B70-4B48-91E8-35AA666BC32E}.Debug|Any CPU.ActiveCfg = Debug|Win32
		{9A62233B-0B70-4B48-91E8-35AA666BC32E}.Debug|x64.ActiveCfg = Debug|x64
		{9A62233B-0B70-4B48-91E8-35AA666BC32E}.Debug|x64.Build.0 = Debug|x64
		{9A62233B-0B70-4B48-91E8-35AA666BC32E}.Release Setup|32-bit.ActiveCfg = Release|Win32
		{9A62233B-0B70-4B48-91E8-35AA666BC32E}.Release Setup|64-bit.ActiveCfg = Release|x64
		{9A62233B-0B70-4B48-91E8-35AA666BC32E}.Release Setup|Any CPU.ActiveCfg = Release|x64
		{9A62233B-0B70-4B48-91E8-35AA666BC32E}.Release Setup|Any CPU.Build.0 = Release|x64
		{9A62233B-0B70-4B48-91E8-35AA666BC32E}.Release Setup|x64.ActiveCfg = Release|x64
		{9A62233B-0B70-4B48-91E8-35AA666BC32E}.Release Setup|x64.Build.0 = Release|x64
		{9A62233B-0B70-4B48-91E8-35AA666BC32E}.Release|32-bit.ActiveCfg = Release|Win32
		{9A62233B-0B70-4B48-91E8-35AA666BC32E}.Release|32-bit.Build.0 = Release|Win32
		{9A62233B-0B70-4B48-91E8-35AA666BC32E}.Release|64-bit.ActiveCfg = Release|x64
		{9A62233B-0B70-4B48-91E8-35AA666BC32E}.Release|64-bit.Build.0 = Release|x64
		{9A62233B-0B70-4B48-91E8-35AA666BC32E}.Release|Any CPU.ActiveCfg = Release|Win32
		{9A62233B-0B70-4B48-91E8-35AA666BC32E}.Release|x64.ActiveCfg = Release|x64
		{9A62233B-0B70-4B48-91E8-35AA666BC32E}.Release|x64.Build.0 = Release|x64
		{783FEDFB-5124-4F8C-87BC-70AA8490266B}.64|32-bit.ActiveCfg = Release|x64
		{783FEDFB-5124-4F8C-87BC-70AA8490266B}.64|32-bit.Build.0 = Release|x64
		{783FEDFB-5124-4F8C-87BC-70AA8490266B}.64|64-bit.ActiveCfg = Release|x64
		{783FEDFB-5124-4F8C-87BC-70AA8490266B}.64|64-bit.Build.0 = Release|x64
		{783FEDFB-5124-4F8C-87BC-70AA8490266B}.64|Any CPU.ActiveCfg = Release|x64
		{783FEDFB-5124-4F8C-87BC-70AA8490266B}.64|Any CPU.Build.0 = Release|x64
		{783FEDFB-5124-4F8C-87BC-70AA8490266B}.64|x64.ActiveCfg = Release|x64
		{783FEDFB-5124-4F8C-87BC-70AA8490266B}.64|x64.Build.0 = Release|x64
		{783FEDFB-5124-4F8C-87BC-70AA8490266B}.Debug App|32-bit.ActiveCfg = Debug|Win32
		{783FEDFB-5124-4F8C-87BC-70AA8490266B}.Debug App|32-bit.Build.0 = Debug|Win32
		{783FEDFB-5124-4F8C-87BC-70AA8490266B}.Debug App|64-bit.ActiveCfg = Debug|x64
		{783FEDFB-5124-4F8C-87BC-70AA8490266B}.Debug App|64-bit.Build.0 = Debug|x64
		{783FEDFB-5124-4F8C-87BC-70AA8490266B}.Debug App|Any CPU.ActiveCfg = Release|x64
		{783FEDFB-5124-4F8C-87BC-70AA8490266B}.Debug App|Any CPU.Build.0 = Release|x64
		{783FEDFB-5124-4F8C-87BC-70AA8490266B}.Debug App|x64.ActiveCfg = Debug|x64
		{783FEDFB-5124-4F8C-87BC-70AA8490266B}.Debug App|x64.Build.0 = Debug|x64
		{783FEDFB-5124-4F8C-87BC-70AA8490266B}.Debug Setup|32-bit.ActiveCfg = Debug|Win32
		{783FEDFB-5124-4F8C-87BC-70AA8490266B}.Debug Setup|64-bit.ActiveCfg = Debug|x64
		{783FEDFB-5124-4F8C-87BC-70AA8490266B}.Debug Setup|Any CPU.ActiveCfg = Release|x64
		{783FEDFB-5124-4F8C-87BC-70AA8490266B}.Debug Setup|Any CPU.Build.0 = Release|x64
		{783FEDFB-5124-4F8C-87BC-70AA8490266B}.Debug Setup|x64.ActiveCfg = Debug|x64
		{783FEDFB-5124-4F8C-87BC-70AA8490266B}.Debug Setup|x64.Build.0 = Debug|x64
		{783FEDFB-5124-4F8C-87BC-70AA8490266B}.Debug|32-bit.ActiveCfg = Debug|Win32
		{783FEDFB-5124-4F8C-87BC-70AA8490266B}.Debug|32-bit.Build.0 = Debug|Win32
		{783FEDFB-5124-4F8C-87BC-70AA8490266B}.Debug|64-bit.ActiveCfg = Debug|x64
		{783FEDFB-5124-4F8C-87BC-70AA8490266B}.Debug|64-bit.Build.0 = Debug|x64
		{783FEDFB-5124-4F8C-87BC-70AA8490266B}.Debug|Any CPU.ActiveCfg = Debug|Win32
		{783FEDFB-5124-4F8C-87BC-70AA8490266B}.Debug|x64.ActiveCfg = Debug|x64
		{783FEDFB-5124-4F8C-87BC-70AA8490266B}.Debug|x64.Build.0 = Debug|x64
		{783FEDFB-5124-4F8C-87BC-70AA8490266B}.Release Setup|32-bit.ActiveCfg = Release|Win32
		{783FEDFB-5124-4F8C-87BC-70AA8490266B}.Release Setup|64-bit.ActiveCfg = Release|x64
		{783FEDFB-5124-4F8C-87BC-70AA8490266B}.Release Setup|Any CPU.ActiveCfg = Release|x64
		{783FEDFB-5124-4F8C-87BC-70AA8490266B}.Release Setup|Any CPU.Build.0 = Release|x64
		{783FEDFB-5124-4F8C-87BC-70AA8490266B}.Release Setup|x64.ActiveCfg = Release|x64
		{783FEDFB-5124-4F8C-87BC-70AA8490266B}.Release Setup|x64.Build.0 = Release|x64
		{783FEDFB-5124-4F8C-87BC-70AA8490266B}.Release|32-bit.ActiveCfg = Release|Win32
		{783FEDFB-5124-4F8C-87BC-70AA8490266B}.Release|32-bit.Build.0 = Release|Win32
		{783FEDFB-5124-4F8C-87BC-70AA8490266B}.Release|64-bit.ActiveCfg = Release|x64
		{783FEDFB-5124-4F8C-87BC-70AA8490266B}.Release|64-bit.Build.0 = Release|x64
		{783FEDFB-5124-4F8C-87BC-70AA8490266B}.Release|Any CPU.ActiveCfg = Release|Win32
		{783FEDFB-5124-4F8C-87BC-70AA8490266B}.Release|x64.ActiveCfg = Release|x64
		{783FEDFB-5124-4F8C-87BC-70AA8490266B}.Release|x64.Build.0 = Release|x64
		{723BDEF8-4A39-4961-BDAB-54074012FF47}.64|32-bit.ActiveCfg = Release|x64
		{723BDEF8-4A39-4961-BDAB-54074012FF47}.64|32-bit.Build.0 = Release|x64
		{723BDEF8-4A39-4961-BDAB-54074012FF47}.64|64-bit.ActiveCfg = Release|x64
		{723BDEF8-4A39-4961-BDAB-54074012FF47}.64|64-bit.Build.0 = Release|x64
		{723BDEF8-4A39-4961-BDAB-54074012FF47}.64|Any CPU.ActiveCfg = Release|x64
		{723BDEF8-4A39-4961-BDAB-54074012FF47}.64|Any CPU.Build.0 = Release|x64
		{723BDEF8-4A39-4961-BDAB-54074012FF47}.64|x64.ActiveCfg = Release|x64
		{723BDEF8-4A39-4961-BDAB-54074012FF47}.64|x64.Build.0 = Release|x64
		{723BDEF8-4A39-4961-BDAB-54074012FF47}.Debug App|32-bit.ActiveCfg = Debug|Win32
		{723BDEF8-4A39-4961-BDAB-54074012FF47}.Debug App|32-bit.Build.0 = Debug|Win32
		{723BDEF8-4A39-4961-BDAB-54074012FF47}.Debug App|64-bit.ActiveCfg = Debug|x64
		{723BDEF8-4A39-4961-BDAB-54074012FF47}.Debug App|64-bit.Build.0 = Debug|x64
		{723BDEF8-4A39-4961-BDAB-54074012FF47}.Debug App|Any CPU.ActiveCfg = Release|x64
		{723BDEF8-4A39-4961-BDAB-54074012FF47}.Debug App|Any CPU.Build.0 = Release|x64
		{723BDEF8-4A39-4961-BDAB-54074012FF47}.Debug App|x64.ActiveCfg = Debug|x64
		{723BDEF8-4A39-4961-BDAB-54074012FF47}.Debug App|x64.Build.0 = Debug|x64
		{723BDEF8-4A39-4961-BDAB-54074012FF47}.Debug Setup|32-bit.ActiveCfg = Debug|Win32
		{723BDEF8-4A39-4961-BDAB-54074012FF47}.Debug Setup|64-bit.ActiveCfg = Debug|x64
		{723BDEF8-4A39-4961-BDAB-54074012FF47}.Debug Setup|Any CPU.ActiveCfg = Release|x64
		{723BDEF8-4A39-4961-BDAB-54074012FF47}.Debug Setup|Any CPU.Build.0 = Release|x64
		{723BDEF8-4A39-4961-BDAB-54074012FF47}.Debug Setup|x64.ActiveCfg = Debug|x64
		{723BDEF8-4A39-4961-BDAB-54074012FF47}.Debug Setup|x64.Build.0 = Debug|x64
		{723BDEF8-4A39-4961-BDAB-54074012FF47}.Debug|32-bit.ActiveCfg = Debug|Win32
		{723BDEF8-4A39-4961-BDAB-54074012FF47}.Debug|32-bit.Build.0 = Debug|Win32
		{723BDEF8-4A39-4961-BDAB-54074012FF47}.Debug|64-bit.ActiveCfg = Debug|x64
		{723BDEF8-4A39-4961-BDAB-54074012FF47}.Debug|64-bit.Build.0 = Debug|x64
		{723BDEF8-4A39-4961-BDAB-54074012FF47}.Debug|Any CPU.ActiveCfg = Debug|Win32
		{723BDEF8-4A39-4961-BDAB-54074012FF47}.Debug|x64.ActiveCfg = Debug|x64
		{723BDEF8-4A39-4961-BDAB-54074012FF47}.Debug|x64.Build.0 = Debug|x64
		{723BDEF8-4A39-4961-BDAB-54074012FF47}.Release Setup|32-bit.ActiveCfg = Release|Win32
		{723BDEF8-4A39-4961-BDAB-54074012FF47}.Release Setup|64-bit.ActiveCfg = Release|x64
		{723BDEF8-4A39-4961-BDAB-54074012FF47}.Release Setup|Any CPU.ActiveCfg = Release|x64
		{723BDEF8-4A39-4961-BDAB-54074012FF47}.Release Setup|Any CPU.Build.0 = Release|x64
		{723BDEF8-4A39-4961-BDAB-54074012FF47}.Release Setup|x64.ActiveCfg = Release|x64
		{723BDEF8-4A39-4961-BDAB-54074012FF47}.Release Setup|x64.Build.0 = Release|x64
		{723BDEF8-4A39-4961-BDAB-54074012FF47}.Release|32-bit.ActiveCfg = Release|Win32
		{723BDEF8-4A39-4961-BDAB-54074012FF47}.Release|32-bit.Build.0 = Release|Win32
		{723BDEF8-4A39-4961-BDAB-54074012FF47}.Release|64-bit.ActiveCfg = Release|x64
		{723BDEF8-4A39-4961-BDAB-54074012FF47}.Release|64-bit.Build.0 = Release|x64
		{723BDEF8-4A39-4961-BDAB-54074012FF47}.Release|Any CPU.ActiveCfg = Release|Win32
		{723BDEF8-4A39-4961-BDAB-54074012FF47}.Release|x64.ActiveCfg = Release|x64
		{723BDEF8-4A39-4961-BDAB-54074012FF47}.Release|x64.Build.0 = Release|x64
		{0401ADF5-D085-4A3D-95B2-D9B7896BB338}.64|32-bit.ActiveCfg = Release|x64
		{0401ADF5-D085-4A3D-95B2-D9B7896BB338}.64|32-bit.Build.0 = Release|x64
		{0401ADF5-D085-4A3D-95B2-D9B7896BB338}.64|64-bit.ActiveCfg = Release|x64
		{0401ADF5-D085-4A3D-95B2-D9B7896BB338}.64|64-bit.Build.0 = Release|x64
		{0401ADF5-D085-4A3D-95B2-D9B7896BB338}.64|Any CPU.ActiveCfg = Release|x64
		{0401ADF5-D085-4A3D-95B2-D9B7896BB338}.64|Any CPU.Build.0 = Release|x64
		{0401ADF5-D085-4A3D-95B2-D9B7896BB338}.64|x64.ActiveCfg = Release|x64
		{0401ADF5-D085-4A3D-95B2-D9B7896BB338}.64|x64.Build.0 = Release|x64
		{0401ADF5-D085-4A3D-95B2-D9B7896BB338}.Debug App|32-bit.ActiveCfg = Debug App|Win32
		{0401ADF5-D085-4A3D-95B2-D9B7896BB338}.Debug App|32-bit.Build.0 = Debug App|Win32
		{0401ADF5-D085-4A3D-95B2-D9B7896BB338}.Debug App|64-bit.ActiveCfg = Debug App|x64
		{0401ADF5-D085-4A3D-95B2-D9B7896BB338}.Debug App|64-bit.Build.0 = Debug App|x64
		{0401ADF5-D085-4A3D-95B2-D9B7896BB338}.Debug App|Any CPU.ActiveCfg = Debug App|Win32
		{0401ADF5-D085-4A3D-95B2-D9B7896BB338}.Debug App|x64.ActiveCfg = Debug App|x64
		{0401ADF5-D085-4A3D-95B2-D9B7896BB338}.Debug App|x64.Build.0 = Debug App|x64
		{0401ADF5-D085-4A3D-95B2-D9B7896BB338}.Debug Setup|32-bit.ActiveCfg = Debug|Win32
		{0401ADF5-D085-4A3D-95B2-D9B7896BB338}.Debug Setup|64-bit.ActiveCfg = Debug|x64
		{0401ADF5-D085-4A3D-95B2-D9B7896BB338}.Debug Setup|Any CPU.ActiveCfg = Release|x64
		{0401ADF5-D085-4A3D-95B2-D9B7896BB338}.Debug Setup|Any CPU.Build.0 = Release|x64
		{0401ADF5-D085-4A3D-95B2-D9B7896BB338}.Debug Setup|x64.ActiveCfg = Debug App|x64
		{0401ADF5-D085-4A3D-95B2-D9B7896BB338}.Debug Setup|x64.Build.0 = Debug App|x64
		{0401ADF5-D085-4A3D-95B2-D9B7896BB338}.Debug|32-bit.ActiveCfg = Debug|Win32
		{0401ADF5-D085-4A3D-95B2-D9B7896BB338}.Debug|32-bit.Build.0 = Debug|Win32
		{0401ADF5-D085-4A3D-95B2-D9B7896BB338}.Debug|64-bit.ActiveCfg = Debug|x64
		{0401ADF5-D085-4A3D-95B2-D9B7896BB338}.Debug|64-bit.Build.0 = Debug|x64
		{0401ADF5-D085-4A3D-95B2-D9B7896BB338}.Debug|Any CPU.ActiveCfg = Debug|Win32
		{0401ADF5-D085-4A3D-95B2-D9B7896BB338}.Debug|x64.ActiveCfg = Debug|x64
		{0401ADF5-D085-4A3D-95B2-D9B7896BB338}.Debug|x64.Build.0 = Debug|x64
		{0401ADF5-D085-4A3D-95B2-D9B7896BB338}.Release Setup|32-bit.ActiveCfg = Release|Win32
		{0401ADF5-D085-4A3D-95B2-D9B7896BB338}.Release Setup|64-bit.ActiveCfg = Release|x64
		{0401ADF5-D085-4A3D-95B2-D9B7896BB338}.Release Setup|Any CPU.ActiveCfg = Release|x64
		{0401ADF5-D085-4A3D-95B2-D9B7896BB338}.Release Setup|Any CPU.Build.0 = Release|x64
		{0401ADF5-D085-4A3D-95B2-D9B7896BB338}.Release Setup|x64.ActiveCfg = Release|x64
		{0401ADF5-D085-4A3D-95B2-D9B7896BB338}.Release Setup|x64.Build.0 = Release|x64
		{0401ADF5-D085-4A3D-95B2-D9B7896BB338}.Release|32-bit.ActiveCfg = Release|Win32
		{0401ADF5-D085-4A3D-95B2-D9B7896BB338}.Release|32-bit.Build.0 = Release|Win32
		{0401ADF5-D085-4A3D-95B2-D9B7896BB338}.Release|64-bit.ActiveCfg = Release|x64
		{0401ADF5-D085-4A3D-95B2-D9B7896BB338}.Release|64-bit.Build.0 = Release|x64
		{0401ADF5-D085-4A3D-95B2-D9B7896BB338}.Release|Any CPU.ActiveCfg = Release|Win32
		{0401ADF5-D085-4A3D-95B2-D9B7896BB338}.Release|x64.ActiveCfg = Release|x64
		{0401ADF5-D085-4A3D-95B2-D9B7896BB338}.Release|x64.Build.0 = Release|x64
		{D1C2099B-BEC7-4993-8947-01D4A1F7EAE2}.64|32-bit.ActiveCfg = Release|x64
		{D1C2099B-BEC7-4993-8947-01D4A1F7EAE2}.64|32-bit.Build.0 = Release|x64
		{D1C2099B-BEC7-4993-8947-01D4A1F7EAE2}.64|64-bit.ActiveCfg = Release|x64
		{D1C2099B-BEC7-4993-8947-01D4A1F7EAE2}.64|64-bit.Build.0 = Release|x64
		{D1C2099B-BEC7-4993-8947-01D4A1F7EAE2}.64|Any CPU.ActiveCfg = Release|x64
		{D1C2099B-BEC7-4993-8947-01D4A1F7EAE2}.64|Any CPU.Build.0 = Release|x64
		{D1C2099B-BEC7-4993-8947-01D4A1F7EAE2}.64|x64.ActiveCfg = Release|x64
		{D1C2099B-BEC7-4993-8947-01D4A1F7EAE2}.64|x64.Build.0 = Release|x64
		{D1C2099B-BEC7-4993-8947-01D4A1F7EAE2}.Debug App|32-bit.ActiveCfg = Debug|Win32
		{D1C2099B-BEC7-4993-8947-01D4A1F7EAE2}.Debug App|32-bit.Build.0 = Debug|Win32
		{D1C2099B-BEC7-4993-8947-01D4A1F7EAE2}.Debug App|64-bit.ActiveCfg = Debug|x64
		{D1C2099B-BEC7-4993-8947-01D4A1F7EAE2}.Debug App|64-bit.Build.0 = Debug|x64
		{D1C2099B-BEC7-4993-8947-01D4A1F7EAE2}.Debug App|Any CPU.ActiveCfg = Release|x64
		{D1C2099B-BEC7-4993-8947-01D4A1F7EAE2}.Debug App|Any CPU.Build.0 = Release|x64
		{D1C2099B-BEC7-4993-8947-01D4A1F7EAE2}.Debug App|x64.ActiveCfg = Debug|x64
		{D1C2099B-BEC7-4993-8947-01D4A1F7EAE2}.Debug App|x64.Build.0 = Debug|x64
		{D1C2099B-BEC7-4993-8947-01D4A1F7EAE2}.Debug Setup|32-bit.ActiveCfg = Debug|Win32
		{D1C2099B-BEC7-4993-8947-01D4A1F7EAE2}.Debug Setup|64-bit.ActiveCfg = Debug|x64
		{D1C2099B-BEC7-4993-8947-01D4A1F7EAE2}.Debug Setup|Any CPU.ActiveCfg = Release|x64
		{D1C2099B-BEC7-4993-8947-01D4A1F7EAE2}.Debug Setup|Any CPU.Build.0 = Release|x64
		{D1C2099B-BEC7-4993-8947-01D4A1F7EAE2}.Debug Setup|x64.ActiveCfg = Debug|x64
		{D1C2099B-BEC7-4993-8947-01D4A1F7EAE2}.Debug Setup|x64.Build.0 = Debug|x64
		{D1C2099B-BEC7-4993-8947-01D4A1F7EAE2}.Debug|32-bit.ActiveCfg = Debug|Win32
		{D1C2099B-BEC7-4993-8947-01D4A1F7EAE2}.Debug|32-bit.Build.0 = Debug|Win32
		{D1C2099B-BEC7-4993-8947-01D4A1F7EAE2}.Debug|64-bit.ActiveCfg = Debug|x64
		{D1C2099B-BEC7-4993-8947-01D4A1F7EAE2}.Debug|64-bit.Build.0 = Debug|x64
		{D1C2099B-BEC7-4993-8947-01D4A1F7EAE2}.Debug|Any CPU.ActiveCfg = Debug|Win32
		{D1C2099B-BEC7-4993-8947-01D4A1F7EAE2}.Debug|x64.ActiveCfg = Debug|x64
		{D1C2099B-BEC7-4993-8947-01D4A1F7EAE2}.Debug|x64.Build.0 = Debug|x64
		{D1C2099B-BEC7-4993-8947-01D4A1F7EAE2}.Release Setup|32-bit.ActiveCfg = Release|Win32
		{D1C2099B-BEC7-4993-8947-01D4A1F7EAE2}.Release Setup|64-bit.ActiveCfg = Release|x64
		{D1C2099B-BEC7-4993-8947-01D4A1F7EAE2}.Release Setup|Any CPU.ActiveCfg = Release|x64
		{D1C2099B-BEC7-4993-8947-01D4A1F7EAE2}.Release Setup|Any CPU.Build.0 = Release|x64
		{D1C2099B-BEC7-4993-8947-01D4A1F7EAE2}.Release Setup|x64.ActiveCfg = Release|x64
		{D1C2099B-BEC7-4993-8947-01D4A1F7EAE2}.Release Setup|x64.Build.0 = Release|x64
		{D1C2099B-BEC7-4993-8947-01D4A1F7EAE2}.Release|32-bit.ActiveCfg = Release|Win32
		{D1C2099B-BEC7-4993-8947-01D4A1F7EAE2}.Release|32-bit.Build.0 = Release|Win32
		{D1C2099B-BEC7-4993-8947-01D4A1F7EAE2}.Release|64-bit.ActiveCfg = Release|x64
		{D1C2099B-BEC7-4993-8947-01D4A1F7EAE2}.Release|64-bit.Build.0 = Release|x64
		{D1C2099B-BEC7-4993-8947-01D4A1F7EAE2}.Release|Any CPU.ActiveCfg = Release|Win32
		{D1C2099B-BEC7-4993-8947-01D4A1F7EAE2}.Release|x64.ActiveCfg = Release|x64
		{D1C2099B-BEC7-4993-8947-01D4A1F7EAE2}.Release|x64.Build.0 = Release|x64
		{3B7009FA-0B09-4F27-8126-0885E66A5679}.64|32-bit.ActiveCfg = Release|Any CPU
		{3B7009FA-0B09-4F27-8126-0885E66A5679}.64|32-bit.Build.0 = Release|Any CPU
		{3B7009FA-0B09-4F27-8126-0885E66A5679}.64|64-bit.ActiveCfg = Release|Any CPU
		{3B7009FA-0B09-4F27-8126-0885E66A5679}.64|64-bit.Build.0 = Release|Any CPU
		{3B7009FA-0B09-4F27-8126-0885E66A5679}.64|Any CPU.ActiveCfg = Release|Any CPU
		{3B7009FA-0B09-4F27-8126-0885E66A5679}.64|Any CPU.Build.0 = Release|Any CPU
		{3B7009FA-0B09-4F27-8126-0885E66A5679}.64|x64.ActiveCfg = Release|Any CPU
		{3B7009FA-0B09-4F27-8126-0885E66A5679}.64|x64.Build.0 = Release|Any CPU
		{3B7009FA-0B09-4F27-8126-0885E66A5679}.Debug App|32-bit.ActiveCfg = Debug|Any CPU
		{3B7009FA-0B09-4F27-8126-0885E66A5679}.Debug App|64-bit.ActiveCfg = Debug|Any CPU
		{3B7009FA-0B09-4F27-8126-0885E66A5679}.Debug App|Any CPU.ActiveCfg = Debug|Any CPU
		{3B7009FA-0B09-4F27-8126-0885E66A5679}.Debug App|Any CPU.Build.0 = Debug|Any CPU
		{3B7009FA-0B09-4F27-8126-0885E66A5679}.Debug App|x64.ActiveCfg = Debug|Any CPU
		{3B7009FA-0B09-4F27-8126-0885E66A5679}.Debug App|x64.Build.0 = Debug|Any CPU
		{3B7009FA-0B09-4F27-8126-0885E66A5679}.Debug Setup|32-bit.ActiveCfg = Debug|Any CPU
		{3B7009FA-0B09-4F27-8126-0885E66A5679}.Debug Setup|32-bit.Build.0 = Debug|Any CPU
		{3B7009FA-0B09-4F27-8126-0885E66A5679}.Debug Setup|64-bit.ActiveCfg = Debug|Any CPU
		{3B7009FA-0B09-4F27-8126-0885E66A5679}.Debug Setup|64-bit.Build.0 = Debug|Any CPU
		{3B7009FA-0B09-4F27-8126-0885E66A5679}.Debug Setup|Any CPU.ActiveCfg = Debug|Any CPU
		{3B7009FA-0B09-4F27-8126-0885E66A5679}.Debug Setup|Any CPU.Build.0 = Debug|Any CPU
		{3B7009FA-0B09-4F27-8126-0885E66A5679}.Debug Setup|x64.ActiveCfg = Debug|Any CPU
		{3B7009FA-0B09-4F27-8126-0885E66A5679}.Debug Setup|x64.Build.0 = Debug|Any CPU
		{3B7009FA-0B09-4F27-8126-0885E66A5679}.Debug|32-bit.ActiveCfg = Debug|Any CPU
		{3B7009FA-0B09-4F27-8126-0885E66A5679}.Debug|64-bit.ActiveCfg = Debug|Any CPU
		{3B7009FA-0B09-4F27-8126-0885E66A5679}.Debug|Any CPU.ActiveCfg = Debug|Any CPU
		{3B7009FA-0B09-4F27-8126-0885E66A5679}.Debug|Any CPU.Build.0 = Debug|Any CPU
		{3B7009FA-0B09-4F27-8126-0885E66A5679}.Debug|x64.ActiveCfg = Debug|Any CPU
		{3B7009FA-0B09-4F27-8126-0885E66A5679}.Debug|x64.Build.0 = Debug|Any CPU
		{3B7009FA-0B09-4F27-8126-0885E66A5679}.Release Setup|32-bit.ActiveCfg = Release|Any CPU
		{3B7009FA-0B09-4F27-8126-0885E66A5679}.Release Setup|32-bit.Build.0 = Release|Any CPU
		{3B7009FA-0B09-4F27-8126-0885E66A5679}.Release Setup|64-bit.ActiveCfg = Release|Any CPU
		{3B7009FA-0B09-4F27-8126-0885E66A5679}.Release Setup|64-bit.Build.0 = Release|Any CPU
		{3B7009FA-0B09-4F27-8126-0885E66A5679}.Release Setup|Any CPU.ActiveCfg = Release|Any CPU
		{3B7009FA-0B09-4F27-8126-0885E66A5679}.Release Setup|Any CPU.Build.0 = Release|Any CPU
		{3B7009FA-0B09-4F27-8126-0885E66A5679}.Release Setup|x64.ActiveCfg = Release|Any CPU
		{3B7009FA-0B09-4F27-8126-0885E66A5679}.Release Setup|x64.Build.0 = Release|Any CPU
		{3B7009FA-0B09-4F27-8126-0885E66A5679}.Release|32-bit.ActiveCfg = Release|Any CPU
		{3B7009FA-0B09-4F27-8126-0885E66A5679}.Release|64-bit.ActiveCfg = Release|Any CPU
		{3B7009FA-0B09-4F27-8126-0885E66A5679}.Release|Any CPU.ActiveCfg = Release|Any CPU
		{3B7009FA-0B09-4F27-8126-0885E66A5679}.Release|Any CPU.Build.0 = Release|Any CPU
		{3B7009FA-0B09-4F27-8126-0885E66A5679}.Release|x64.ActiveCfg = Release|Any CPU
		{3B7009FA-0B09-4F27-8126-0885E66A5679}.Release|x64.Build.0 = Release|Any CPU
		{21DE0454-AE17-48B6-A673-4E22F017B096}.64|32-bit.ActiveCfg = 64|Any CPU
		{21DE0454-AE17-48B6-A673-4E22F017B096}.64|32-bit.Build.0 = 64|Any CPU
		{21DE0454-AE17-48B6-A673-4E22F017B096}.64|64-bit.ActiveCfg = 64|x64
		{21DE0454-AE17-48B6-A673-4E22F017B096}.64|64-bit.Build.0 = 64|x64
		{21DE0454-AE17-48B6-A673-4E22F017B096}.64|Any CPU.ActiveCfg = 64|Any CPU
		{21DE0454-AE17-48B6-A673-4E22F017B096}.64|Any CPU.Build.0 = 64|Any CPU
		{21DE0454-AE17-48B6-A673-4E22F017B096}.64|x64.ActiveCfg = 64|x64
		{21DE0454-AE17-48B6-A673-4E22F017B096}.64|x64.Build.0 = 64|x64
		{21DE0454-AE17-48B6-A673-4E22F017B096}.Debug App|32-bit.ActiveCfg = Debug|Any CPU
		{21DE0454-AE17-48B6-A673-4E22F017B096}.Debug App|32-bit.Build.0 = Debug|Any CPU
		{21DE0454-AE17-48B6-A673-4E22F017B096}.Debug App|64-bit.ActiveCfg = Debug|Any CPU
		{21DE0454-AE17-48B6-A673-4E22F017B096}.Debug App|64-bit.Build.0 = Debug|Any CPU
		{21DE0454-AE17-48B6-A673-4E22F017B096}.Debug App|Any CPU.ActiveCfg = Debug|Any CPU
		{21DE0454-AE17-48B6-A673-4E22F017B096}.Debug App|Any CPU.Build.0 = Debug|Any CPU
		{21DE0454-AE17-48B6-A673-4E22F017B096}.Debug App|x64.ActiveCfg = Debug|x64
		{21DE0454-AE17-48B6-A673-4E22F017B096}.Debug App|x64.Build.0 = Debug|x64
		{21DE0454-AE17-48B6-A673-4E22F017B096}.Debug Setup|32-bit.ActiveCfg = Debug|Any CPU
		{21DE0454-AE17-48B6-A673-4E22F017B096}.Debug Setup|32-bit.Build.0 = Debug|Any CPU
		{21DE0454-AE17-48B6-A673-4E22F017B096}.Debug Setup|64-bit.ActiveCfg = Debug|Any CPU
		{21DE0454-AE17-48B6-A673-4E22F017B096}.Debug Setup|64-bit.Build.0 = Debug|Any CPU
		{21DE0454-AE17-48B6-A673-4E22F017B096}.Debug Setup|Any CPU.ActiveCfg = Debug|Any CPU
		{21DE0454-AE17-48B6-A673-4E22F017B096}.Debug Setup|Any CPU.Build.0 = Debug|Any CPU
		{21DE0454-AE17-48B6-A673-4E22F017B096}.Debug Setup|x64.ActiveCfg = Debug|x64
		{21DE0454-AE17-48B6-A673-4E22F017B096}.Debug Setup|x64.Build.0 = Debug|x64
		{21DE0454-AE17-48B6-A673-4E22F017B096}.Debug|32-bit.ActiveCfg = Debug|Any CPU
		{21DE0454-AE17-48B6-A673-4E22F017B096}.Debug|32-bit.Build.0 = Debug|Any CPU
		{21DE0454-AE17-48B6-A673-4E22F017B096}.Debug|64-bit.ActiveCfg = Debug|x64
		{21DE0454-AE17-48B6-A673-4E22F017B096}.Debug|64-bit.Build.0 = Debug|x64
		{21DE0454-AE17-48B6-A673-4E22F017B096}.Debug|Any CPU.ActiveCfg = Debug|Any CPU
		{21DE0454-AE17-48B6-A673-4E22F017B096}.Debug|Any CPU.Build.0 = Debug|Any CPU
		{21DE0454-AE17-48B6-A673-4E22F017B096}.Debug|x64.ActiveCfg = Debug|x64
		{21DE0454-AE17-48B6-A673-4E22F017B096}.Debug|x64.Build.0 = Debug|x64
		{21DE0454-AE17-48B6-A673-4E22F017B096}.Release Setup|32-bit.ActiveCfg = Release|Any CPU
		{21DE0454-AE17-48B6-A673-4E22F017B096}.Release Setup|32-bit.Build.0 = Release|Any CPU
		{21DE0454-AE17-48B6-A673-4E22F017B096}.Release Setup|64-bit.ActiveCfg = Release|Any CPU
		{21DE0454-AE17-48B6-A673-4E22F017B096}.Release Setup|64-bit.Build.0 = Release|Any CPU
		{21DE0454-AE17-48B6-A673-4E22F017B096}.Release Setup|Any CPU.ActiveCfg = Release|Any CPU
		{21DE0454-AE17-48B6-A673-4E22F017B096}.Release Setup|Any CPU.Build.0 = Release|Any CPU
		{21DE0454-AE17-48B6-A673-4E22F017B096}.Release Setup|x64.ActiveCfg = Release|x64
		{21DE0454-AE17-48B6-A673-4E22F017B096}.Release Setup|x64.Build.0 = Release|x64
		{21DE0454-AE17-48B6-A673-4E22F017B096}.Release|32-bit.ActiveCfg = Release|Any CPU
		{21DE0454-AE17-48B6-A673-4E22F017B096}.Release|32-bit.Build.0 = Release|Any CPU
		{21DE0454-AE17-48B6-A673-4E22F017B096}.Release|64-bit.ActiveCfg = Release|x64
		{21DE0454-AE17-48B6-A673-4E22F017B096}.Release|64-bit.Build.0 = Release|x64
		{21DE0454-AE17-48B6-A673-4E22F017B096}.Release|Any CPU.ActiveCfg = Release|Any CPU
		{21DE0454-AE17-48B6-A673-4E22F017B096}.Release|Any CPU.Build.0 = Release|Any CPU
		{21DE0454-AE17-48B6-A673-4E22F017B096}.Release|x64.ActiveCfg = Release|x64
		{21DE0454-AE17-48B6-A673-4E22F017B096}.Release|x64.Build.0 = Release|x64
	EndGlobalSection
	GlobalSection(SolutionProperties) = preSolution
		HideSolutionNode = FALSE
	EndGlobalSection
	GlobalSection(NestedProjects) = preSolution
		{9A62233B-0B70-4B48-91E8-35AA666BC32E} = {11B78243-91C3-4357-9FDD-4EAFBF4EE52B}
		{783FEDFB-5124-4F8C-87BC-70AA8490266B} = {11B78243-91C3-4357-9FDD-4EAFBF4EE52B}
		{723BDEF8-4A39-4961-BDAB-54074012FF47} = {11B78243-91C3-4357-9FDD-4EAFBF4EE52B}
	EndGlobalSection
	GlobalSection(ExtensibilityGlobals) = postSolution
		SolutionGuid = {A853830C-4E77-4B01-AE34-298BEE8FEA5D}
	EndGlobalSection
EndGlobal
